// !$*UTF8*$!
{
	archiveVersion = 1;
	classes = {
	};
	objectVersion = 56;
	objects = {

/* Begin PBXBuildFile section */
		170A122B295B7CE900BF237C /* .gitignore in Resources */ = {isa = PBXBuildFile; fileRef = 170A122A295B7CE900BF237C /* .gitignore */; };
		170A122D295B862000BF237C /* private.swift in Sources */ = {isa = PBXBuildFile; fileRef = 170A122C295B862000BF237C /* private.swift */; };
		175091B9295A25D700C1C86A /* KnapCoinApp.swift in Sources */ = {isa = PBXBuildFile; fileRef = 175091B8295A25D700C1C86A /* KnapCoinApp.swift */; };
		175091BB295A25D700C1C86A /* ContentView.swift in Sources */ = {isa = PBXBuildFile; fileRef = 175091BA295A25D700C1C86A /* ContentView.swift */; };
		175091BD295A25D900C1C86A /* Assets.xcassets in Resources */ = {isa = PBXBuildFile; fileRef = 175091BC295A25D900C1C86A /* Assets.xcassets */; };
		175091C0295A25D900C1C86A /* Preview Assets.xcassets in Resources */ = {isa = PBXBuildFile; fileRef = 175091BF295A25D900C1C86A /* Preview Assets.xcassets */; };
		175091C7295A26A700C1C86A /* Constants.swift in Sources */ = {isa = PBXBuildFile; fileRef = 175091C6295A26A700C1C86A /* Constants.swift */; };
		175091C9295A2AD000C1C86A /* ApiManager.swift in Sources */ = {isa = PBXBuildFile; fileRef = 175091C8295A2AD000C1C86A /* ApiManager.swift */; };
		175091CE295A2E6500C1C86A /* NewsData.swift in Sources */ = {isa = PBXBuildFile; fileRef = 175091CD295A2E6500C1C86A /* NewsData.swift */; };
		FFF097E1CAD72746D6634FFD /* Pods_KnapCoin.framework in Frameworks */ = {isa = PBXBuildFile; fileRef = 707AF1E40D4C1936475B173D /* Pods_KnapCoin.framework */; };
/* End PBXBuildFile section */

/* Begin PBXFileReference section */
		170A122A295B7CE900BF237C /* .gitignore */ = {isa = PBXFileReference; lastKnownFileType = text; path = .gitignore; sourceTree = "<group>"; };
		170A122C295B862000BF237C /* private.swift */ = {isa = PBXFileReference; lastKnownFileType = sourcecode.swift; path = private.swift; sourceTree = "<group>"; };
		175091B5295A25D700C1C86A /* KnapCoin.app */ = {isa = PBXFileReference; explicitFileType = wrapper.application; includeInIndex = 0; path = KnapCoin.app; sourceTree = BUILT_PRODUCTS_DIR; };
		175091B8295A25D700C1C86A /* KnapCoinApp.swift */ = {isa = PBXFileReference; lastKnownFileType = sourcecode.swift; path = KnapCoinApp.swift; sourceTree = "<group>"; };
		175091BA295A25D700C1C86A /* ContentView.swift */ = {isa = PBXFileReference; lastKnownFileType = sourcecode.swift; path = ContentView.swift; sourceTree = "<group>"; };
		175091BC295A25D900C1C86A /* Assets.xcassets */ = {isa = PBXFileReference; lastKnownFileType = folder.assetcatalog; path = Assets.xcassets; sourceTree = "<group>"; };
		175091BF295A25D900C1C86A /* Preview Assets.xcassets */ = {isa = PBXFileReference; lastKnownFileType = folder.assetcatalog; path = "Preview Assets.xcassets"; sourceTree = "<group>"; };
		175091C6295A26A700C1C86A /* Constants.swift */ = {isa = PBXFileReference; lastKnownFileType = sourcecode.swift; path = Constants.swift; sourceTree = "<group>"; };
		175091C8295A2AD000C1C86A /* ApiManager.swift */ = {isa = PBXFileReference; lastKnownFileType = sourcecode.swift; path = ApiManager.swift; sourceTree = "<group>"; };
		175091CD295A2E6500C1C86A /* NewsData.swift */ = {isa = PBXFileReference; lastKnownFileType = sourcecode.swift; path = NewsData.swift; sourceTree = "<group>"; };
		433FEC92EDCA9B5142BC05A0 /* Pods-KnapCoin.debug.xcconfig */ = {isa = PBXFileReference; includeInIndex = 1; lastKnownFileType = text.xcconfig; name = "Pods-KnapCoin.debug.xcconfig"; path = "Target Support Files/Pods-KnapCoin/Pods-KnapCoin.debug.xcconfig"; sourceTree = "<group>"; };
		707AF1E40D4C1936475B173D /* Pods_KnapCoin.framework */ = {isa = PBXFileReference; explicitFileType = wrapper.framework; includeInIndex = 0; path = Pods_KnapCoin.framework; sourceTree = BUILT_PRODUCTS_DIR; };
		709BEEB7BD2A2E474367F115 /* Pods-KnapCoin.release.xcconfig */ = {isa = PBXFileReference; includeInIndex = 1; lastKnownFileType = text.xcconfig; name = "Pods-KnapCoin.release.xcconfig"; path = "Target Support Files/Pods-KnapCoin/Pods-KnapCoin.release.xcconfig"; sourceTree = "<group>"; };
/* End PBXFileReference section */

/* Begin PBXFrameworksBuildPhase section */
		175091B2295A25D700C1C86A /* Frameworks */ = {
			isa = PBXFrameworksBuildPhase;
			buildActionMask = 2147483647;
			files = (
				FFF097E1CAD72746D6634FFD /* Pods_KnapCoin.framework in Frameworks */,
			);
			runOnlyForDeploymentPostprocessing = 0;
		};
/* End PBXFrameworksBuildPhase section */

/* Begin PBXGroup section */
		170A1229295B7A9600BF237C /* View */ = {
			isa = PBXGroup;
			children = (
				175091BA295A25D700C1C86A /* ContentView.swift */,
			);
			path = View;
			sourceTree = "<group>";
		};
		1719897B29607A020067057C /* Controller */ = {
			isa = PBXGroup;
			children = (
				175091C8295A2AD000C1C86A /* ApiManager.swift */,
			);
			path = Controller;
			sourceTree = "<group>";
		};
		175091AC295A25D700C1C86A = {
			isa = PBXGroup;
			children = (
				175091B7295A25D700C1C86A /* KnapCoin */,
				175091B6295A25D700C1C86A /* Products */,
				7825D67B19BBD0D9F0FB15BB /* Pods */,
				1FFD619BF363CAB46A230D35 /* Frameworks */,
			);
			sourceTree = "<group>";
		};
		175091B6295A25D700C1C86A /* Products */ = {
			isa = PBXGroup;
			children = (
				175091B5295A25D700C1C86A /* KnapCoin.app */,
			);
			name = Products;
			sourceTree = "<group>";
		};
		175091B7295A25D700C1C86A /* KnapCoin */ = {
			isa = PBXGroup;
			children = (
				175091CC295A2E4700C1C86A /* Model */,
				170A1229295B7A9600BF237C /* View */,
				1719897B29607A020067057C /* Controller */,
				170A122C295B862000BF237C /* private.swift */,
				175091B8295A25D700C1C86A /* KnapCoinApp.swift */,
				175091BC295A25D900C1C86A /* Assets.xcassets */,
				170A122A295B7CE900BF237C /* .gitignore */,
				175091BE295A25D900C1C86A /* Preview Content */,
			);
			path = KnapCoin;
			sourceTree = "<group>";
		};
		175091BE295A25D900C1C86A /* Preview Content */ = {
			isa = PBXGroup;
			children = (
				175091BF295A25D900C1C86A /* Preview Assets.xcassets */,
			);
			path = "Preview Content";
			sourceTree = "<group>";
		};
		175091CC295A2E4700C1C86A /* Model */ = {
			isa = PBXGroup;
			children = (
				175091C6295A26A700C1C86A /* Constants.swift */,
				175091CD295A2E6500C1C86A /* NewsData.swift */,
			);
			path = Model;
			sourceTree = "<group>";
		};
		1FFD619BF363CAB46A230D35 /* Frameworks */ = {
			isa = PBXGroup;
			children = (
				707AF1E40D4C1936475B173D /* Pods_KnapCoin.framework */,
			);
			name = Frameworks;
			sourceTree = "<group>";
		};
		7825D67B19BBD0D9F0FB15BB /* Pods */ = {
			isa = PBXGroup;
			children = (
				433FEC92EDCA9B5142BC05A0 /* Pods-KnapCoin.debug.xcconfig */,
				709BEEB7BD2A2E474367F115 /* Pods-KnapCoin.release.xcconfig */,
			);
			path = Pods;
			sourceTree = "<group>";
		};
/* End PBXGroup section */

/* Begin PBXNativeTarget section */
		175091B4295A25D700C1C86A /* KnapCoin */ = {
			isa = PBXNativeTarget;
			buildConfigurationList = 175091C3295A25D900C1C86A /* Build configuration list for PBXNativeTarget "KnapCoin" */;
			buildPhases = (
				8BB757AB2F324C9B3B816CEE /* [CP] Check Pods Manifest.lock */,
				175091B1295A25D700C1C86A /* Sources */,
				175091B2295A25D700C1C86A /* Frameworks */,
				175091B3295A25D700C1C86A /* Resources */,
			);
			buildRules = (
			);
			dependencies = (
			);
			name = KnapCoin;
			productName = CryptoNews;
			productReference = 175091B5295A25D700C1C86A /* KnapCoin.app */;
			productType = "com.apple.product-type.application";
		};
/* End PBXNativeTarget section */

/* Begin PBXProject section */
		175091AD295A25D700C1C86A /* Project object */ = {
			isa = PBXProject;
			attributes = {
				BuildIndependentTargetsInParallel = 1;
				LastSwiftUpdateCheck = 1410;
				LastUpgradeCheck = 1410;
				TargetAttributes = {
					175091B4295A25D700C1C86A = {
						CreatedOnToolsVersion = 14.1;
					};
				};
			};
			buildConfigurationList = 175091B0295A25D700C1C86A /* Build configuration list for PBXProject "KnapCoin" */;
			compatibilityVersion = "Xcode 14.0";
			developmentRegion = en;
			hasScannedForEncodings = 0;
			knownRegions = (
				en,
				Base,
			);
			mainGroup = 175091AC295A25D700C1C86A;
			productRefGroup = 175091B6295A25D700C1C86A /* Products */;
			projectDirPath = "";
			projectRoot = "";
			targets = (
				175091B4295A25D700C1C86A /* KnapCoin */,
			);
		};
/* End PBXProject section */

/* Begin PBXResourcesBuildPhase section */
		175091B3295A25D700C1C86A /* Resources */ = {
			isa = PBXResourcesBuildPhase;
			buildActionMask = 2147483647;
			files = (
				175091C0295A25D900C1C86A /* Preview Assets.xcassets in Resources */,
				170A122B295B7CE900BF237C /* .gitignore in Resources */,
				175091BD295A25D900C1C86A /* Assets.xcassets in Resources */,
			);
			runOnlyForDeploymentPostprocessing = 0;
		};
/* End PBXResourcesBuildPhase section */

/* Begin PBXShellScriptBuildPhase section */
		8BB757AB2F324C9B3B816CEE /* [CP] Check Pods Manifest.lock */ = {
			isa = PBXShellScriptBuildPhase;
			buildActionMask = 2147483647;
			files = (
			);
			inputFileListPaths = (
			);
			inputPaths = (
				"${PODS_PODFILE_DIR_PATH}/Podfile.lock",
				"${PODS_ROOT}/Manifest.lock",
			);
			name = "[CP] Check Pods Manifest.lock";
			outputFileListPaths = (
			);
			outputPaths = (
				"$(DERIVED_FILE_DIR)/Pods-KnapCoin-checkManifestLockResult.txt",
			);
			runOnlyForDeploymentPostprocessing = 0;
			shellPath = /bin/sh;
			shellScript = "diff \"${PODS_PODFILE_DIR_PATH}/Podfile.lock\" \"${PODS_ROOT}/Manifest.lock\" > /dev/null\nif [ $? != 0 ] ; then\n    # print error to STDERR\n    echo \"error: The sandbox is not in sync with the Podfile.lock. Run 'pod install' or update your CocoaPods installation.\" >&2\n    exit 1\nfi\n# This output is used by Xcode 'outputs' to avoid re-running this script phase.\necho \"SUCCESS\" > \"${SCRIPT_OUTPUT_FILE_0}\"\n";
			showEnvVarsInLog = 0;
		};
/* End PBXShellScriptBuildPhase section */

/* Begin PBXSourcesBuildPhase section */
		175091B1295A25D700C1C86A /* Sources */ = {
			isa = PBXSourcesBuildPhase;
			buildActionMask = 2147483647;
			files = (
				175091BB295A25D700C1C86A /* ContentView.swift in Sources */,
				175091B9295A25D700C1C86A /* KnapCoinApp.swift in Sources */,
				175091CE295A2E6500C1C86A /* NewsData.swift in Sources */,
				170A122D295B862000BF237C /* private.swift in Sources */,
				175091C7295A26A700C1C86A /* Constants.swift in Sources */,
				175091C9295A2AD000C1C86A /* ApiManager.swift in Sources */,
			);
			runOnlyForDeploymentPostprocessing = 0;
		};
/* End PBXSourcesBuildPhase section */

/* Begin XCBuildConfiguration section */
		175091C1295A25D900C1C86A /* Debug */ = {
			isa = XCBuildConfiguration;
			baseConfigurationReference = 433FEC92EDCA9B5142BC05A0 /* Pods-KnapCoin.debug.xcconfig */;
			buildSettings = {
				ALWAYS_SEARCH_USER_PATHS = NO;
				CLANG_ANALYZER_NONNULL = YES;
				CLANG_ANALYZER_NUMBER_OBJECT_CONVERSION = YES_AGGRESSIVE;
				CLANG_CXX_LANGUAGE_STANDARD = "gnu++20";
				CLANG_ENABLE_MODULES = YES;
				CLANG_ENABLE_OBJC_ARC = YES;
				CLANG_ENABLE_OBJC_WEAK = YES;
				CLANG_WARN_BLOCK_CAPTURE_AUTORELEASING = YES;
				CLANG_WARN_BOOL_CONVERSION = YES;
				CLANG_WARN_COMMA = YES;
				CLANG_WARN_CONSTANT_CONVERSION = YES;
				CLANG_WARN_DEPRECATED_OBJC_IMPLEMENTATIONS = YES;
				CLANG_WARN_DIRECT_OBJC_ISA_USAGE = YES_ERROR;
				CLANG_WARN_DOCUMENTATION_COMMENTS = YES;
				CLANG_WARN_EMPTY_BODY = YES;
				CLANG_WARN_ENUM_CONVERSION = YES;
				CLANG_WARN_INFINITE_RECURSION = YES;
				CLANG_WARN_INT_CONVERSION = YES;
				CLANG_WARN_NON_LITERAL_NULL_CONVERSION = YES;
				CLANG_WARN_OBJC_IMPLICIT_RETAIN_SELF = YES;
				CLANG_WARN_OBJC_LITERAL_CONVERSION = YES;
				CLANG_WARN_OBJC_ROOT_CLASS = YES_ERROR;
				CLANG_WARN_QUOTED_INCLUDE_IN_FRAMEWORK_HEADER = YES;
				CLANG_WARN_RANGE_LOOP_ANALYSIS = YES;
				CLANG_WARN_STRICT_PROTOTYPES = YES;
				CLANG_WARN_SUSPICIOUS_MOVE = YES;
				CLANG_WARN_UNGUARDED_AVAILABILITY = YES_AGGRESSIVE;
				CLANG_WARN_UNREACHABLE_CODE = YES;
				CLANG_WARN__DUPLICATE_METHOD_MATCH = YES;
				COPY_PHASE_STRIP = NO;
				DEBUG_INFORMATION_FORMAT = dwarf;
				ENABLE_STRICT_OBJC_MSGSEND = YES;
				ENABLE_TESTABILITY = YES;
				GCC_C_LANGUAGE_STANDARD = gnu11;
				GCC_DYNAMIC_NO_PIC = NO;
				GCC_NO_COMMON_BLOCKS = YES;
				GCC_OPTIMIZATION_LEVEL = 0;
				GCC_PREPROCESSOR_DEFINITIONS = (
					"DEBUG=1",
					"$(inherited)",
				);
				GCC_WARN_64_TO_32_BIT_CONVERSION = YES;
				GCC_WARN_ABOUT_RETURN_TYPE = YES_ERROR;
				GCC_WARN_UNDECLARED_SELECTOR = YES;
				GCC_WARN_UNINITIALIZED_AUTOS = YES_AGGRESSIVE;
				GCC_WARN_UNUSED_FUNCTION = YES;
				GCC_WARN_UNUSED_VARIABLE = YES;
				IPHONEOS_DEPLOYMENT_TARGET = 14.0;
				MTL_ENABLE_DEBUG_INFO = INCLUDE_SOURCE;
				MTL_FAST_MATH = YES;
				ONLY_ACTIVE_ARCH = YES;
				SDKROOT = iphoneos;
				SWIFT_ACTIVE_COMPILATION_CONDITIONS = DEBUG;
				SWIFT_OPTIMIZATION_LEVEL = "-Onone";
			};
			name = Debug;
		};
		175091C2295A25D900C1C86A /* Release */ = {
			isa = XCBuildConfiguration;
			baseConfigurationReference = 709BEEB7BD2A2E474367F115 /* Pods-KnapCoin.release.xcconfig */;
			buildSettings = {
				ALWAYS_SEARCH_USER_PATHS = NO;
				CLANG_ANALYZER_NONNULL = YES;
				CLANG_ANALYZER_NUMBER_OBJECT_CONVERSION = YES_AGGRESSIVE;
				CLANG_CXX_LANGUAGE_STANDARD = "gnu++20";
				CLANG_ENABLE_MODULES = YES;
				CLANG_ENABLE_OBJC_ARC = YES;
				CLANG_ENABLE_OBJC_WEAK = YES;
				CLANG_WARN_BLOCK_CAPTURE_AUTORELEASING = YES;
				CLANG_WARN_BOOL_CONVERSION = YES;
				CLANG_WARN_COMMA = YES;
				CLANG_WARN_CONSTANT_CONVERSION = YES;
				CLANG_WARN_DEPRECATED_OBJC_IMPLEMENTATIONS = YES;
				CLANG_WARN_DIRECT_OBJC_ISA_USAGE = YES_ERROR;
				CLANG_WARN_DOCUMENTATION_COMMENTS = YES;
				CLANG_WARN_EMPTY_BODY = YES;
				CLANG_WARN_ENUM_CONVERSION = YES;
				CLANG_WARN_INFINITE_RECURSION = YES;
				CLANG_WARN_INT_CONVERSION = YES;
				CLANG_WARN_NON_LITERAL_NULL_CONVERSION = YES;
				CLANG_WARN_OBJC_IMPLICIT_RETAIN_SELF = YES;
				CLANG_WARN_OBJC_LITERAL_CONVERSION = YES;
				CLANG_WARN_OBJC_ROOT_CLASS = YES_ERROR;
				CLANG_WARN_QUOTED_INCLUDE_IN_FRAMEWORK_HEADER = YES;
				CLANG_WARN_RANGE_LOOP_ANALYSIS = YES;
				CLANG_WARN_STRICT_PROTOTYPES = YES;
				CLANG_WARN_SUSPICIOUS_MOVE = YES;
				CLANG_WARN_UNGUARDED_AVAILABILITY = YES_AGGRESSIVE;
				CLANG_WARN_UNREACHABLE_CODE = YES;
				CLANG_WARN__DUPLICATE_METHOD_MATCH = YES;
				COPY_PHASE_STRIP = NO;
				DEBUG_INFORMATION_FORMAT = "dwarf-with-dsym";
				ENABLE_NS_ASSERTIONS = NO;
				ENABLE_STRICT_OBJC_MSGSEND = YES;
				GCC_C_LANGUAGE_STANDARD = gnu11;
				GCC_NO_COMMON_BLOCKS = YES;
				GCC_WARN_64_TO_32_BIT_CONVERSION = YES;
				GCC_WARN_ABOUT_RETURN_TYPE = YES_ERROR;
				GCC_WARN_UNDECLARED_SELECTOR = YES;
				GCC_WARN_UNINITIALIZED_AUTOS = YES_AGGRESSIVE;
				GCC_WARN_UNUSED_FUNCTION = YES;
				GCC_WARN_UNUSED_VARIABLE = YES;
				IPHONEOS_DEPLOYMENT_TARGET = 14.0;
				MTL_ENABLE_DEBUG_INFO = NO;
				MTL_FAST_MATH = YES;
				SDKROOT = iphoneos;
				SWIFT_COMPILATION_MODE = wholemodule;
				SWIFT_OPTIMIZATION_LEVEL = "-O";
				VALIDATE_PRODUCT = YES;
			};
			name = Release;
		};
		175091C4295A25D900C1C86A /* Debug */ = {
			isa = XCBuildConfiguration;
			baseConfigurationReference = 433FEC92EDCA9B5142BC05A0 /* Pods-KnapCoin.debug.xcconfig */;
			buildSettings = {
				ASSETCATALOG_COMPILER_APPICON_NAME = AppIcon;
				ASSETCATALOG_COMPILER_GLOBAL_ACCENT_COLOR_NAME = AccentColor;
				CODE_SIGN_STYLE = Automatic;
				CURRENT_PROJECT_VERSION = 1;
				DEVELOPMENT_ASSET_PATHS = "\"KnapCoin/Preview Content\"";
				DEVELOPMENT_TEAM = PG74QXG7AY;
				ENABLE_PREVIEWS = YES;
				GENERATE_INFOPLIST_FILE = YES;
				INFOPLIST_KEY_LSApplicationCategoryType = "public.app-category.finance";
				INFOPLIST_KEY_UIApplicationSceneManifest_Generation = YES;
				INFOPLIST_KEY_UIApplicationSupportsIndirectInputEvents = YES;
				INFOPLIST_KEY_UILaunchScreen_Generation = YES;
				INFOPLIST_KEY_UISupportedInterfaceOrientations_iPad = "UIInterfaceOrientationPortrait UIInterfaceOrientationPortraitUpsideDown UIInterfaceOrientationLandscapeLeft UIInterfaceOrientationLandscapeRight";
				INFOPLIST_KEY_UISupportedInterfaceOrientations_iPhone = "UIInterfaceOrientationPortrait UIInterfaceOrientationLandscapeLeft UIInterfaceOrientationLandscapeRight";
				IPHONEOS_DEPLOYMENT_TARGET = 14.0;
				LD_RUNPATH_SEARCH_PATHS = (
					"$(inherited)",
					"@executable_path/Frameworks",
				);
				MARKETING_VERSION = 1.0;
				PRODUCT_BUNDLE_IDENTIFIER = dev.eniakz.KnapCoin;
				PRODUCT_NAME = "$(TARGET_NAME)";
				SUPPORTED_PLATFORMS = "iphoneos iphonesimulator";
				SUPPORTS_MACCATALYST = NO;
				SUPPORTS_MAC_DESIGNED_FOR_IPHONE_IPAD = NO;
				SWIFT_EMIT_LOC_STRINGS = YES;
				SWIFT_VERSION = 5.0;
				TARGETED_DEVICE_FAMILY = "1,2";
			};
			name = Debug;
		};
		175091C5295A25D900C1C86A /* Release */ = {
			isa = XCBuildConfiguration;
			baseConfigurationReference = 709BEEB7BD2A2E474367F115 /* Pods-KnapCoin.release.xcconfig */;
			buildSettings = {
				ASSETCATALOG_COMPILER_APPICON_NAME = AppIcon;
				ASSETCATALOG_COMPILER_GLOBAL_ACCENT_COLOR_NAME = AccentColor;
				CODE_SIGN_STYLE = Automatic;
				CURRENT_PROJECT_VERSION = 1;
				DEVELOPMENT_ASSET_PATHS = "\"KnapCoin/Preview Content\"";
				DEVELOPMENT_TEAM = PG74QXG7AY;
				ENABLE_PREVIEWS = YES;
				GENERATE_INFOPLIST_FILE = YES;
				INFOPLIST_KEY_LSApplicationCategoryType = "public.app-category.finance";
				INFOPLIST_KEY_UIApplicationSceneManifest_Generation = YES;
				INFOPLIST_KEY_UIApplicationSupportsIndirectInputEvents = YES;
				INFOPLIST_KEY_UILaunchScreen_Generation = YES;
				INFOPLIST_KEY_UISupportedInterfaceOrientations_iPad = "UIInterfaceOrientationPortrait UIInterfaceOrientationPortraitUpsideDown UIInterfaceOrientationLandscapeLeft UIInterfaceOrientationLandscapeRight";
				INFOPLIST_KEY_UISupportedInterfaceOrientations_iPhone = "UIInterfaceOrientationPortrait UIInterfaceOrientationLandscapeLeft UIInterfaceOrientationLandscapeRight";
				IPHONEOS_DEPLOYMENT_TARGET = 14.0;
				LD_RUNPATH_SEARCH_PATHS = (
					"$(inherited)",
					"@executable_path/Frameworks",
				);
				MARKETING_VERSION = 1.0;
				PRODUCT_BUNDLE_IDENTIFIER = dev.eniakz.KnapCoin;
				PRODUCT_NAME = "$(TARGET_NAME)";
				SUPPORTED_PLATFORMS = "iphoneos iphonesimulator";
				SUPPORTS_MACCATALYST = NO;
				SUPPORTS_MAC_DESIGNED_FOR_IPHONE_IPAD = NO;
				SWIFT_EMIT_LOC_STRINGS = YES;
				SWIFT_VERSION = 5.0;
				TARGETED_DEVICE_FAMILY = "1,2";
			};
			name = Release;
		};
/* End XCBuildConfiguration section */

/* Begin XCConfigurationList section */
		175091B0295A25D700C1C86A /* Build configuration list for PBXProject "KnapCoin" */ = {
			isa = XCConfigurationList;
			buildConfigurations = (
				175091C1295A25D900C1C86A /* Debug */,
				175091C2295A25D900C1C86A /* Release */,
			);
			defaultConfigurationIsVisible = 0;
			defaultConfigurationName = Release;
		};
		175091C3295A25D900C1C86A /* Build configuration list for PBXNativeTarget "KnapCoin" */ = {
			isa = XCConfigurationList;
			buildConfigurations = (
				175091C4295A25D900C1C86A /* Debug */,
				175091C5295A25D900C1C86A /* Release */,
			);
			defaultConfigurationIsVisible = 0;
			defaultConfigurationName = Release;
		};
/* End XCConfigurationList section */
	};
	rootObject = 175091AD295A25D700C1C86A /* Project object */;
}
